// !$*UTF8*$!
{
	archiveVersion = 1;
	classes = {
	};
	objectVersion = 46;
	objects = {

/* Begin PBXBuildFile section */
		ABC349DD19F0F75800D912C1 /* CoreLocation.framework in Frameworks */ = {isa = PBXBuildFile; fileRef = ABC349DC19F0F75800D912C1 /* CoreLocation.framework */; };
		ABC349ED19F204A400D912C1 /* AppDelegate.m in Sources */ = {isa = PBXBuildFile; fileRef = ABC349E219F204A400D912C1 /* AppDelegate.m */; };
		ABC349EE19F204A400D912C1 /* LaunchScreen.xib in Resources */ = {isa = PBXBuildFile; fileRef = ABC349E319F204A400D912C1 /* LaunchScreen.xib */; };
		ABC349EF19F204A400D912C1 /* Main.storyboard in Resources */ = {isa = PBXBuildFile; fileRef = ABC349E519F204A400D912C1 /* Main.storyboard */; };
		ABC349F019F204A400D912C1 /* Images.xcassets in Resources */ = {isa = PBXBuildFile; fileRef = ABC349E719F204A400D912C1 /* Images.xcassets */; };
		ABC349F119F204A400D912C1 /* Info.plist in Resources */ = {isa = PBXBuildFile; fileRef = ABC349E819F204A400D912C1 /* Info.plist */; };
		ABC349F219F204A400D912C1 /* main.m in Sources */ = {isa = PBXBuildFile; fileRef = ABC349E919F204A400D912C1 /* main.m */; };
		ABC349F319F204A400D912C1 /* ViewController.m in Sources */ = {isa = PBXBuildFile; fileRef = ABC349EC19F204A400D912C1 /* ViewController.m */; };
/* End PBXBuildFile section */

/* Begin PBXFileReference section */
		ABC349B119F0F5F700D912C1 /* iOS8-CoreLocation-sample.app */ = {isa = PBXFileReference; explicitFileType = wrapper.application; includeInIndex = 0; path = "iOS8-CoreLocation-sample.app"; sourceTree = BUILT_PRODUCTS_DIR; };
		ABC349DC19F0F75800D912C1 /* CoreLocation.framework */ = {isa = PBXFileReference; lastKnownFileType = wrapper.framework; name = CoreLocation.framework; path = System/Library/Frameworks/CoreLocation.framework; sourceTree = SDKROOT; };
		ABC349E119F204A400D912C1 /* AppDelegate.h */ = {isa = PBXFileReference; fileEncoding = 4; lastKnownFileType = sourcecode.c.h; path = AppDelegate.h; sourceTree = "<group>"; };
		ABC349E219F204A400D912C1 /* AppDelegate.m */ = {isa = PBXFileReference; fileEncoding = 4; lastKnownFileType = sourcecode.c.objc; path = AppDelegate.m; sourceTree = "<group>"; };
		ABC349E419F204A400D912C1 /* Base */ = {isa = PBXFileReference; lastKnownFileType = file.xib; name = Base; path = Base.lproj/LaunchScreen.xib; sourceTree = "<group>"; };
		ABC349E619F204A400D912C1 /* Base */ = {isa = PBXFileReference; lastKnownFileType = file.storyboard; name = Base; path = Base.lproj/Main.storyboard; sourceTree = "<group>"; };
		ABC349E719F204A400D912C1 /* Images.xcassets */ = {isa = PBXFileReference; lastKnownFileType = folder.assetcatalog; path = Images.xcassets; sourceTree = "<group>"; };
		ABC349E819F204A400D912C1 /* Info.plist */ = {isa = PBXFileReference; fileEncoding = 4; lastKnownFileType = text.plist.xml; path = Info.plist; sourceTree = "<group>"; };
		ABC349E919F204A400D912C1 /* main.m */ = {isa = PBXFileReference; fileEncoding = 4; lastKnownFileType = sourcecode.c.objc; path = main.m; sourceTree = "<group>"; };
		ABC349EA19F204A400D912C1 /* Prefix.pch */ = {isa = PBXFileReference; fileEncoding = 4; lastKnownFileType = sourcecode.c.h; path = Prefix.pch; sourceTree = "<group>"; };
		ABC349EB19F204A400D912C1 /* ViewController.h */ = {isa = PBXFileReference; fileEncoding = 4; lastKnownFileType = sourcecode.c.h; path = ViewController.h; sourceTree = "<group>"; };
		ABC349EC19F204A400D912C1 /* ViewController.m */ = {isa = PBXFileReference; fileEncoding = 4; lastKnownFileType = sourcecode.c.objc; path = ViewController.m; sourceTree = "<group>"; };
/* End PBXFileReference section */

/* Begin PBXFrameworksBuildPhase section */
		ABC349AE19F0F5F700D912C1 /* Frameworks */ = {
			isa = PBXFrameworksBuildPhase;
			buildActionMask = 2147483647;
			files = (
				ABC349DD19F0F75800D912C1 /* CoreLocation.framework in Frameworks */,
			);
			runOnlyForDeploymentPostprocessing = 0;
		};
/* End PBXFrameworksBuildPhase section */

/* Begin PBXGroup section */
		ABC349A819F0F5F700D912C1 = {
			isa = PBXGroup;
			children = (
				ABC349E019F204A400D912C1 /* iOS8-CoreLocation-sample */,
				ABC349DE19F0F76500D912C1 /* Frameworks */,
				ABC349B219F0F5F700D912C1 /* Products */,
			);
			sourceTree = "<group>";
		};
		ABC349B219F0F5F700D912C1 /* Products */ = {
			isa = PBXGroup;
			children = (
				ABC349B119F0F5F700D912C1 /* iOS8-CoreLocation-sample.app */,
			);
			name = Products;
			sourceTree = "<group>";
		};
		ABC349DE19F0F76500D912C1 /* Frameworks */ = {
			isa = PBXGroup;
			children = (
				ABC349DC19F0F75800D912C1 /* CoreLocation.framework */,
			);
			name = Frameworks;
			sourceTree = "<group>";
		};
		ABC349E019F204A400D912C1 /* iOS8-CoreLocation-sample */ = {
			isa = PBXGroup;
			children = (
				ABC349E119F204A400D912C1 /* AppDelegate.h */,
				ABC349E219F204A400D912C1 /* AppDelegate.m */,
				ABC349EB19F204A400D912C1 /* ViewController.h */,
				ABC349EC19F204A400D912C1 /* ViewController.m */,
				ABC349E319F204A400D912C1 /* LaunchScreen.xib */,
				ABC349E519F204A400D912C1 /* Main.storyboard */,
				ABC349E719F204A400D912C1 /* Images.xcassets */,
				ABC349E819F204A400D912C1 /* Info.plist */,
				ABC349E919F204A400D912C1 /* main.m */,
				ABC349EA19F204A400D912C1 /* Prefix.pch */,
			);
			path = "iOS8-CoreLocation-sample";
			sourceTree = "<group>";
		};
/* End PBXGroup section */

/* Begin PBXNativeTarget section */
		ABC349B019F0F5F700D912C1 /* iOS8-CoreLocation-sample */ = {
			isa = PBXNativeTarget;
			buildConfigurationList = ABC349D419F0F5F700D912C1 /* Build configuration list for PBXNativeTarget "iOS8-CoreLocation-sample" */;
			buildPhases = (
				ABC349AD19F0F5F700D912C1 /* Sources */,
				ABC349AE19F0F5F700D912C1 /* Frameworks */,
				ABC349AF19F0F5F700D912C1 /* Resources */,
			);
			buildRules = (
			);
			dependencies = (
			);
			name = "iOS8-CoreLocation-sample";
			productName = ShootLater;
			productReference = ABC349B119F0F5F700D912C1 /* iOS8-CoreLocation-sample.app */;
			productType = "com.apple.product-type.application";
		};
/* End PBXNativeTarget section */

/* Begin PBXProject section */
		ABC349A919F0F5F700D912C1 /* Project object */ = {
			isa = PBXProject;
			attributes = {
				CLASSPREFIX = "";
				LastUpgradeCheck = 0600;
				ORGANIZATIONNAME = UROURO;
				TargetAttributes = {
					ABC349B019F0F5F700D912C1 = {
						CreatedOnToolsVersion = 6.0.1;
					};
				};
			};
			buildConfigurationList = ABC349AC19F0F5F700D912C1 /* Build configuration list for PBXProject "iOS8-CoreLocation-sample" */;
			compatibilityVersion = "Xcode 3.2";
			developmentRegion = English;
			hasScannedForEncodings = 0;
			knownRegions = (
				en,
				Base,
			);
			mainGroup = ABC349A819F0F5F700D912C1;
			productRefGroup = ABC349B219F0F5F700D912C1 /* Products */;
			projectDirPath = "";
			projectRoot = "";
			targets = (
				ABC349B019F0F5F700D912C1 /* iOS8-CoreLocation-sample */,
			);
		};
/* End PBXProject section */

/* Begin PBXResourcesBuildPhase section */
		ABC349AF19F0F5F700D912C1 /* Resources */ = {
			isa = PBXResourcesBuildPhase;
			buildActionMask = 2147483647;
			files = (
				ABC349F119F204A400D912C1 /* Info.plist in Resources */,
				ABC349F019F204A400D912C1 /* Images.xcassets in Resources */,
				ABC349EE19F204A400D912C1 /* LaunchScreen.xib in Resources */,
				ABC349EF19F204A400D912C1 /* Main.storyboard in Resources */,
			);
			runOnlyForDeploymentPostprocessing = 0;
		};
/* End PBXResourcesBuildPhase section */

/* Begin PBXSourcesBuildPhase section */
		ABC349AD19F0F5F700D912C1 /* Sources */ = {
			isa = PBXSourcesBuildPhase;
			buildActionMask = 2147483647;
			files = (
				ABC349F319F204A400D912C1 /* ViewController.m in Sources */,
				ABC349F219F204A400D912C1 /* main.m in Sources */,
				ABC349ED19F204A400D912C1 /* AppDelegate.m in Sources */,
			);
			runOnlyForDeploymentPostprocessing = 0;
		};
/* End PBXSourcesBuildPhase section */

/* Begin PBXVariantGroup section */
		ABC349E319F204A400D912C1 /* LaunchScreen.xib */ = {
			isa = PBXVariantGroup;
			children = (
				ABC349E419F204A400D912C1 /* Base */,
			);
			name = LaunchScreen.xib;
			sourceTree = "<group>";
		};
		ABC349E519F204A400D912C1 /* Main.storyboard */ = {
			isa = PBXVariantGroup;
			children = (
				ABC349E619F204A400D912C1 /* Base */,
			);
			name = Main.storyboard;
			sourceTree = "<group>";
		};
/* End PBXVariantGroup section */

/* Begin XCBuildConfiguration section */
		ABC349D219F0F5F700D912C1 /* Debug */ = {
			isa = XCBuildConfiguration;
			buildSettings = {
				ALWAYS_SEARCH_USER_PATHS = NO;
				CLANG_CXX_LANGUAGE_STANDARD = "gnu++0x";
				CLANG_CXX_LIBRARY = "libc++";
				CLANG_ENABLE_MODULES = YES;
				CLANG_ENABLE_OBJC_ARC = YES;
				CLANG_WARN_BOOL_CONVERSION = YES;
				CLANG_WARN_CONSTANT_CONVERSION = YES;
				CLANG_WARN_DIRECT_OBJC_ISA_USAGE = YES_ERROR;
				CLANG_WARN_EMPTY_BODY = YES;
				CLANG_WARN_ENUM_CONVERSION = YES;
				CLANG_WARN_INT_CONVERSION = YES;
				CLANG_WARN_OBJC_ROOT_CLASS = YES_ERROR;
				CLANG_WARN_UNREACHABLE_CODE = YES;
				CLANG_WARN__DUPLICATE_METHOD_MATCH = YES;
				"CODE_SIGN_IDENTITY[sdk=iphoneos*]" = "iPhone Developer";
				COPY_PHASE_STRIP = NO;
				ENABLE_STRICT_OBJC_MSGSEND = YES;
				GCC_C_LANGUAGE_STANDARD = gnu99;
				GCC_DYNAMIC_NO_PIC = NO;
				GCC_OPTIMIZATION_LEVEL = 0;
				GCC_PREFIX_HEADER = "ShootLater/ShootLater-Prefix.pch";
				GCC_PREPROCESSOR_DEFINITIONS = (
					"DEBUG=1",
					"$(inherited)",
				);
				GCC_SYMBOLS_PRIVATE_EXTERN = NO;
				GCC_WARN_64_TO_32_BIT_CONVERSION = YES;
				GCC_WARN_ABOUT_RETURN_TYPE = YES_ERROR;
				GCC_WARN_UNDECLARED_SELECTOR = YES;
				GCC_WARN_UNINITIALIZED_AUTOS = YES_AGGRESSIVE;
				GCC_WARN_UNUSED_FUNCTION = YES;
				GCC_WARN_UNUSED_VARIABLE = YES;
				IPHONEOS_DEPLOYMENT_TARGET = 8.0;
				MTL_ENABLE_DEBUG_INFO = YES;
				ONLY_ACTIVE_ARCH = YES;
				SDKROOT = iphoneos;
			};
			name = Debug;
		};
		ABC349D319F0F5F700D912C1 /* Release */ = {
			isa = XCBuildConfiguration;
			buildSettings = {
				ALWAYS_SEARCH_USER_PATHS = NO;
				CLANG_CXX_LANGUAGE_STANDARD = "gnu++0x";
				CLANG_CXX_LIBRARY = "libc++";
				CLANG_ENABLE_MODULES = YES;
				CLANG_ENABLE_OBJC_ARC = YES;
				CLANG_WARN_BOOL_CONVERSION = YES;
				CLANG_WARN_CONSTANT_CONVERSION = YES;
				CLANG_WARN_DIRECT_OBJC_ISA_USAGE = YES_ERROR;
				CLANG_WARN_EMPTY_BODY = YES;
				CLANG_WARN_ENUM_CONVERSION = YES;
				CLANG_WARN_INT_CONVERSION = YES;
				CLANG_WARN_OBJC_ROOT_CLASS = YES_ERROR;
				CLANG_WARN_UNREACHABLE_CODE = YES;
				CLANG_WARN__DUPLICATE_METHOD_MATCH = YES;
				"CODE_SIGN_IDENTITY[sdk=iphoneos*]" = "iPhone Developer";
				COPY_PHASE_STRIP = YES;
				ENABLE_NS_ASSERTIONS = NO;
				ENABLE_STRICT_OBJC_MSGSEND = YES;
				GCC_C_LANGUAGE_STANDARD = gnu99;
				GCC_PREFIX_HEADER = "ShootLater/ShootLater-Prefix.pch";
				GCC_WARN_64_TO_32_BIT_CONVERSION = YES;
				GCC_WARN_ABOUT_RETURN_TYPE = YES_ERROR;
				GCC_WARN_UNDECLARED_SELECTOR = YES;
				GCC_WARN_UNINITIALIZED_AUTOS = YES_AGGRESSIVE;
				GCC_WARN_UNUSED_FUNCTION = YES;
				GCC_WARN_UNUSED_VARIABLE = YES;
				IPHONEOS_DEPLOYMENT_TARGET = 8.0;
				MTL_ENABLE_DEBUG_INFO = NO;
				SDKROOT = iphoneos;
				VALIDATE_PRODUCT = YES;
			};
			name = Release;
		};
		ABC349D519F0F5F700D912C1 /* Debug */ = {
			isa = XCBuildConfiguration;
			buildSettings = {
				ASSETCATALOG_COMPILER_APPICON_NAME = AppIcon;
				GCC_PREFIX_HEADER = "iOS8-CoreLocation-sample/Prefix.pch";
				INFOPLIST_FILE = "$(SRCROOT)/iOS8-CoreLocation-sample/Info.plist";
				LD_RUNPATH_SEARCH_PATHS = "$(inherited) @executable_path/Frameworks";
				PRODUCT_NAME = "iOS8-CoreLocation-sample";
			};
			name = Debug;
		};
		ABC349D619F0F5F700D912C1 /* Release */ = {
			isa = XCBuildConfiguration;
			buildSettings = {
				ASSETCATALOG_COMPILER_APPICON_NAME = AppIcon;
				GCC_PREFIX_HEADER = "iOS8-CoreLocation-sample/Prefix.pch";
				INFOPLIST_FILE = "$(SRCROOT)/iOS8-CoreLocation-sample/Info.plist";
				LD_RUNPATH_SEARCH_PATHS = "$(inherited) @executable_path/Frameworks";
				PRODUCT_NAME = "iOS8-CoreLocation-sample";
			};
			name = Release;
		};
/* End XCBuildConfiguration section */

/* Begin XCConfigurationList section */
		ABC349AC19F0F5F700D912C1 /* Build configuration list for PBXProject "iOS8-CoreLocation-sample" */ = {
			isa = XCConfigurationList;
			buildConfigurations = (
				ABC349D219F0F5F700D912C1 /* Debug */,
				ABC349D319F0F5F700D912C1 /* Release */,
			);
			defaultConfigurationIsVisible = 0;
			defaultConfigurationName = Release;
		};
		ABC349D419F0F5F700D912C1 /* Build configuration list for PBXNativeTarget "iOS8-CoreLocation-sample" */ = {
			isa = XCConfigurationList;
			buildConfigurations = (
				ABC349D519F0F5F700D912C1 /* Debug */,
				ABC349D619F0F5F700D912C1 /* Release */,
			);
			defaultConfigurationIsVisible = 0;
			defaultConfigurationName = Release;
		};
/* End XCConfigurationList section */
	};
	rootObject = ABC349A919F0F5F700D912C1 /* Project object */;
}
